
Microsoft Visual Studio Solution File, Format Version 12.00
# Visual Studio 2013
VisualStudioVersion = 12.0.30501.0
MinimumVisualStudioVersion = 10.0.40219.1
Project("{FAE04EC0-301F-11D3-BF4B-00C04F79EFBC}") = "Team3_AirLineProject", "Team3_AirLineProject\Team3_AirLineProject.csproj", "{0A38BC57-9E84-4EAA-8022-AA1FFD316272}"
EndProject
Project("{FAE04EC0-301F-11D3-BF4B-00C04F79EFBC}") = "Controller", "Controller\Controller.csproj", "{F9AD4044-A0C9-4186-A397-8412B42CE850}"
EndProject
Global
	GlobalSection(SolutionConfigurationPlatforms) = preSolution
		Debug|Any CPU = Debug|Any CPU
		Release|Any CPU = Release|Any CPU
	EndGlobalSection
	GlobalSection(ProjectConfigurationPlatforms) = postSolution
		{0A38BC57-9E84-4EAA-8022-AA1FFD316272}.Debug|Any CPU.ActiveCfg = Debug|Any CPU
		{0A38BC57-9E84-4EAA-8022-AA1FFD316272}.Debug|Any CPU.Build.0 = Debug|Any CPU
		{0A38BC57-9E84-4EAA-8022-AA1FFD316272}.Release|Any CPU.ActiveCfg = Release|Any CPU
		{0A38BC57-9E84-4EAA-8022-AA1FFD316272}.Release|Any CPU.Build.0 = Release|Any CPU
		{F9AD4044-A0C9-4186-A397-8412B42CE850}.Debug|Any CPU.ActiveCfg = Debug|Any CPU
		{F9AD4044-A0C9-4186-A397-8412B42CE850}.Debug|Any CPU.Build.0 = Debug|Any CPU
		{F9AD4044-A0C9-4186-A397-8412B42CE850}.Release|Any CPU.ActiveCfg = Release|Any CPU
		{F9AD4044-A0C9-4186-A397-8412B42CE850}.Release|Any CPU.Build.0 = Release|Any CPU
	EndGlobalSection
	GlobalSection(SolutionProperties) = preSolution
		HideSolutionNode = FALSE
	EndGlobalSection
EndGlobal
